# This file is automatically @generated by Cargo.
# It is not intended for manual editing.
version = 4

[[package]]
name = "loco-h2"
version = "0.1.0"

[[package]]
name = "loco-server"
version = "0.1.0"
dependencies = [
 "loco-h2",
]

[[package]]
name = "locod"
version = "0.1.0"
dependencies = [
 "loco-server",
]
